
Microsoft Visual Studio Solution File, Format Version 12.00
# Visual Studio 2012
Project("{FAE04EC0-301F-11D3-BF4B-00C04F79EFBC}") = "ExcelDna.CustomRegistration", "ExcelDna.CustomRegistration\ExcelDna.CustomRegistration.csproj", "{4D1E4CF3-9D43-4B71-B81F-440606A36A3D}"
EndProject
Project("{F2A71F9B-5D33-465A-A702-920D77279786}") = "ExcelDna.CustomRegistration.FSharp", "ExcelDna.CustomRegistration.FSharp\ExcelDna.CustomRegistration.FSharp.fsproj", "{EE39A060-0120-4CA3-BD3F-AAF80A4E857F}"
EndProject
Project("{FAE04EC0-301F-11D3-BF4B-00C04F79EFBC}") = "ExcelDna.CustomRegistration.Example", "ExcelDna.CustomRegistration.Example\ExcelDna.CustomRegistration.Example.csproj", "{AD73A461-EA24-4F6B-8487-FCD32F4D1F06}"
EndProject
Project("{F2A71F9B-5D33-465A-A702-920D77279786}") = "ExcelDna.CustomRegistration.FSharpExample", "ExcelDna.CustomRegistration.FSharpExample\ExcelDna.CustomRegistration.FSharpExample.fsproj", "{B0F06B76-0A7B-48B9-B4A7-AC437A00DBF7}"
EndProject
Project("{2150E333-8FDC-42A3-9474-1A3956D46DE8}") = ".nuget", ".nuget", "{85C93520-F21A-4378-B19E-339C7E47BA04}"
	ProjectSection(SolutionItems) = preProject
		.nuget\NuGet.Config = .nuget\NuGet.Config
		.nuget\NuGet.exe = .nuget\NuGet.exe
		.nuget\NuGet.targets = .nuget\NuGet.targets
	EndProjectSection
EndProject
Project("{FAE04EC0-301F-11D3-BF4B-00C04F79EFBC}") = "ExcelDna.CustomRegistration.Test", "ExcelDna.CustomRegistration.Test\ExcelDna.CustomRegistration.Test.csproj", "{D8860928-7EEC-4A01-8C83-1FC27BDB1E21}"
EndProject
Global
	GlobalSection(SolutionConfigurationPlatforms) = preSolution
		Debug|Any CPU = Debug|Any CPU
		Release|Any CPU = Release|Any CPU
	EndGlobalSection
	GlobalSection(ProjectConfigurationPlatforms) = postSolution
		{4D1E4CF3-9D43-4B71-B81F-440606A36A3D}.Debug|Any CPU.ActiveCfg = Debug|Any CPU
		{4D1E4CF3-9D43-4B71-B81F-440606A36A3D}.Debug|Any CPU.Build.0 = Debug|Any CPU
		{4D1E4CF3-9D43-4B71-B81F-440606A36A3D}.Release|Any CPU.ActiveCfg = Release|Any CPU
		{4D1E4CF3-9D43-4B71-B81F-440606A36A3D}.Release|Any CPU.Build.0 = Release|Any CPU
		{EE39A060-0120-4CA3-BD3F-AAF80A4E857F}.Debug|Any CPU.ActiveCfg = Debug|Any CPU
		{EE39A060-0120-4CA3-BD3F-AAF80A4E857F}.Debug|Any CPU.Build.0 = Debug|Any CPU
		{EE39A060-0120-4CA3-BD3F-AAF80A4E857F}.Release|Any CPU.ActiveCfg = Release|Any CPU
		{EE39A060-0120-4CA3-BD3F-AAF80A4E857F}.Release|Any CPU.Build.0 = Release|Any CPU
		{AD73A461-EA24-4F6B-8487-FCD32F4D1F06}.Debug|Any CPU.ActiveCfg = Debug|Any CPU
		{AD73A461-EA24-4F6B-8487-FCD32F4D1F06}.Debug|Any CPU.Build.0 = Debug|Any CPU
		{AD73A461-EA24-4F6B-8487-FCD32F4D1F06}.Release|Any CPU.ActiveCfg = Release|Any CPU
		{AD73A461-EA24-4F6B-8487-FCD32F4D1F06}.Release|Any CPU.Build.0 = Release|Any CPU
		{B0F06B76-0A7B-48B9-B4A7-AC437A00DBF7}.Debug|Any CPU.ActiveCfg = Debug|Any CPU
		{B0F06B76-0A7B-48B9-B4A7-AC437A00DBF7}.Debug|Any CPU.Build.0 = Debug|Any CPU
		{B0F06B76-0A7B-48B9-B4A7-AC437A00DBF7}.Release|Any CPU.ActiveCfg = Release|Any CPU
		{B0F06B76-0A7B-48B9-B4A7-AC437A00DBF7}.Release|Any CPU.Build.0 = Release|Any CPU
		{D8860928-7EEC-4A01-8C83-1FC27BDB1E21}.Debug|Any CPU.ActiveCfg = Debug|Any CPU
		{D8860928-7EEC-4A01-8C83-1FC27BDB1E21}.Debug|Any CPU.Build.0 = Debug|Any CPU
		{D8860928-7EEC-4A01-8C83-1FC27BDB1E21}.Release|Any CPU.ActiveCfg = Release|Any CPU
		{D8860928-7EEC-4A01-8C83-1FC27BDB1E21}.Release|Any CPU.Build.0 = Release|Any CPU
	EndGlobalSection
	GlobalSection(SolutionProperties) = preSolution
		HideSolutionNode = FALSE
	EndGlobalSection
EndGlobal
