
Microsoft Visual Studio Solution File, Format Version 12.00
# Visual Studio 2013
VisualStudioVersion = 12.0.30602.0
MinimumVisualStudioVersion = 10.0.40219.1
Project("{FAE04EC0-301F-11D3-BF4B-00C04F79EFBC}") = "ExcelDna.Registration", "ExcelDna.Registration\ExcelDna.Registration.csproj", "{4D1E4CF3-9D43-4B71-B81F-440606A36A3D}"
EndProject
Project("{F2A71F9B-5D33-465A-A702-920D77279786}") = "ExcelDna.Registration.FSharp", "ExcelDna.Registration.FSharp\ExcelDna.Registration.FSharp.fsproj", "{EE39A060-0120-4CA3-BD3F-AAF80A4E857F}"
EndProject
Project("{FAE04EC0-301F-11D3-BF4B-00C04F79EFBC}") = "Registration.Test", "Test\Registration.Test.csproj", "{D8860928-7EEC-4A01-8C83-1FC27BDB1E21}"
EndProject
Project("{F184B08F-C81C-45F6-A57F-5ABD9991F28F}") = "ExcelDna.Registration.VisualBasic", "ExcelDna.Registration.VisualBasic\ExcelDna.Registration.VisualBasic.vbproj", "{B3A61274-849F-41B3-A933-9B18D81A13F1}"
EndProject
Global
	GlobalSection(SolutionConfigurationPlatforms) = preSolution
		Debug|Any CPU = Debug|Any CPU
		Release|Any CPU = Release|Any CPU
	EndGlobalSection
	GlobalSection(ProjectConfigurationPlatforms) = postSolution
		{4D1E4CF3-9D43-4B71-B81F-440606A36A3D}.Debug|Any CPU.ActiveCfg = Debug|Any CPU
		{4D1E4CF3-9D43-4B71-B81F-440606A36A3D}.Debug|Any CPU.Build.0 = Debug|Any CPU
		{4D1E4CF3-9D43-4B71-B81F-440606A36A3D}.Release|Any CPU.ActiveCfg = Release|Any CPU
		{4D1E4CF3-9D43-4B71-B81F-440606A36A3D}.Release|Any CPU.Build.0 = Release|Any CPU
		{EE39A060-0120-4CA3-BD3F-AAF80A4E857F}.Debug|Any CPU.ActiveCfg = Debug|Any CPU
		{EE39A060-0120-4CA3-BD3F-AAF80A4E857F}.Debug|Any CPU.Build.0 = Debug|Any CPU
		{EE39A060-0120-4CA3-BD3F-AAF80A4E857F}.Release|Any CPU.ActiveCfg = Release|Any CPU
		{EE39A060-0120-4CA3-BD3F-AAF80A4E857F}.Release|Any CPU.Build.0 = Release|Any CPU
		{D8860928-7EEC-4A01-8C83-1FC27BDB1E21}.Debug|Any CPU.ActiveCfg = Debug|Any CPU
		{D8860928-7EEC-4A01-8C83-1FC27BDB1E21}.Debug|Any CPU.Build.0 = Debug|Any CPU
		{D8860928-7EEC-4A01-8C83-1FC27BDB1E21}.Release|Any CPU.ActiveCfg = Release|Any CPU
		{D8860928-7EEC-4A01-8C83-1FC27BDB1E21}.Release|Any CPU.Build.0 = Release|Any CPU
		{B3A61274-849F-41B3-A933-9B18D81A13F1}.Debug|Any CPU.ActiveCfg = Debug|Any CPU
		{B3A61274-849F-41B3-A933-9B18D81A13F1}.Debug|Any CPU.Build.0 = Debug|Any CPU
		{B3A61274-849F-41B3-A933-9B18D81A13F1}.Release|Any CPU.ActiveCfg = Release|Any CPU
		{B3A61274-849F-41B3-A933-9B18D81A13F1}.Release|Any CPU.Build.0 = Release|Any CPU
	EndGlobalSection
	GlobalSection(SolutionProperties) = preSolution
		HideSolutionNode = FALSE
	EndGlobalSection
EndGlobal
